
Microsoft Visual Studio Solution File, Format Version 12.00
# Visual Studio Version 16
VisualStudioVersion = 16.0.33801.447
MinimumVisualStudioVersion = 10.0.40219.1
Project("{FAE04EC0-301F-11D3-BF4B-00C04F79EFBC}") = "MyprojectCMS", "MyprojectCMS\MyprojectCMS.csproj", "{7DF53476-28FE-4CE8-A10D-59419B4AAFB7}"
EndProject
Project("{FAE04EC0-301F-11D3-BF4B-00C04F79EFBC}") = "DataLayer", "DataLayer\DataLayer.csproj", "{495C81B8-ECE2-42A4-9503-4E7D25AF6EE7}"
EndProject
Global
	GlobalSection(SolutionConfigurationPlatforms) = preSolution
		Debug|Any CPU = Debug|Any CPU
		Release|Any CPU = Release|Any CPU
	EndGlobalSection
	GlobalSection(ProjectConfigurationPlatforms) = postSolution
		{7DF53476-28FE-4CE8-A10D-59419B4AAFB7}.Debug|Any CPU.ActiveCfg = Debug|Any CPU
		{7DF53476-28FE-4CE8-A10D-59419B4AAFB7}.Debug|Any CPU.Build.0 = Debug|Any CPU
		{7DF53476-28FE-4CE8-A10D-59419B4AAFB7}.Release|Any CPU.ActiveCfg = Release|Any CPU
		{7DF53476-28FE-4CE8-A10D-59419B4AAFB7}.Release|Any CPU.Build.0 = Release|Any CPU
		{495C81B8-ECE2-42A4-9503-4E7D25AF6EE7}.Debug|Any CPU.ActiveCfg = Debug|Any CPU
		{495C81B8-ECE2-42A4-9503-4E7D25AF6EE7}.Debug|Any CPU.Build.0 = Debug|Any CPU
		{495C81B8-ECE2-42A4-9503-4E7D25AF6EE7}.Release|Any CPU.ActiveCfg = Release|Any CPU
		{495C81B8-ECE2-42A4-9503-4E7D25AF6EE7}.Release|Any CPU.Build.0 = Release|Any CPU
	EndGlobalSection
	GlobalSection(SolutionProperties) = preSolution
		HideSolutionNode = FALSE
	EndGlobalSection
	GlobalSection(ExtensibilityGlobals) = postSolution
		SolutionGuid = {488D6877-1201-4238-AFE6-45D84AEAA486}
	EndGlobalSection
EndGlobal
